// !$*UTF8*$!
{
	archiveVersion = 1;
	classes = {
	};
	objectVersion = 50;
	objects = {

/* Begin PBXBuildFile section */
		043B5F31223AC0F4007C27A2 /* AppDelegate.swift in Sources */ = {isa = PBXBuildFile; fileRef = 043B5F30223AC0F4007C27A2 /* AppDelegate.swift */; };
		043B5F36223AC0F4007C27A2 /* Main.storyboard in Resources */ = {isa = PBXBuildFile; fileRef = 043B5F34223AC0F4007C27A2 /* Main.storyboard */; };
		043B5F38223AC0F5007C27A2 /* Assets.xcassets in Resources */ = {isa = PBXBuildFile; fileRef = 043B5F37223AC0F5007C27A2 /* Assets.xcassets */; };
		043B5F3B223AC0F5007C27A2 /* LaunchScreen.storyboard in Resources */ = {isa = PBXBuildFile; fileRef = 043B5F39223AC0F5007C27A2 /* LaunchScreen.storyboard */; };
		043B5F43223AC274007C27A2 /* movies.plist in Resources */ = {isa = PBXBuildFile; fileRef = 043B5F42223AC274007C27A2 /* movies.plist */; };
		043B5F45223AC28D007C27A2 /* Movie.swift in Sources */ = {isa = PBXBuildFile; fileRef = 043B5F44223AC28D007C27A2 /* Movie.swift */; };
		043B5F47223AC39A007C27A2 /* AddViewController.swift in Sources */ = {isa = PBXBuildFile; fileRef = 043B5F46223AC39A007C27A2 /* AddViewController.swift */; };
		043B5F49223AC3AA007C27A2 /* MovieViewController.swift in Sources */ = {isa = PBXBuildFile; fileRef = 043B5F48223AC3AA007C27A2 /* MovieViewController.swift */; };
		043B5F4B223AC3BA007C27A2 /* TableViewController.swift in Sources */ = {isa = PBXBuildFile; fileRef = 043B5F4A223AC3BA007C27A2 /* TableViewController.swift */; };
/* End PBXBuildFile section */

/* Begin PBXFileReference section */
		043B5F2D223AC0F4007C27A2 /* Midterm.app */ = {isa = PBXFileReference; explicitFileType = wrapper.application; includeInIndex = 0; path = Midterm.app; sourceTree = BUILT_PRODUCTS_DIR; };
		043B5F30223AC0F4007C27A2 /* AppDelegate.swift */ = {isa = PBXFileReference; lastKnownFileType = sourcecode.swift; path = AppDelegate.swift; sourceTree = "<group>"; };
		043B5F35223AC0F4007C27A2 /* Base */ = {isa = PBXFileReference; lastKnownFileType = file.storyboard; name = Base; path = Base.lproj/Main.storyboard; sourceTree = "<group>"; };
		043B5F37223AC0F5007C27A2 /* Assets.xcassets */ = {isa = PBXFileReference; lastKnownFileType = folder.assetcatalog; path = Assets.xcassets; sourceTree = "<group>"; };
		043B5F3A223AC0F5007C27A2 /* Base */ = {isa = PBXFileReference; lastKnownFileType = file.storyboard; name = Base; path = Base.lproj/LaunchScreen.storyboard; sourceTree = "<group>"; };
		043B5F3C223AC0F5007C27A2 /* Info.plist */ = {isa = PBXFileReference; lastKnownFileType = text.plist.xml; path = Info.plist; sourceTree = "<group>"; };
		043B5F42223AC274007C27A2 /* movies.plist */ = {isa = PBXFileReference; lastKnownFileType = text.plist; path = movies.plist; sourceTree = "<group>"; };
		043B5F44223AC28D007C27A2 /* Movie.swift */ = {isa = PBXFileReference; lastKnownFileType = sourcecode.swift; path = Movie.swift; sourceTree = "<group>"; };
		043B5F46223AC39A007C27A2 /* AddViewController.swift */ = {isa = PBXFileReference; lastKnownFileType = sourcecode.swift; path = AddViewController.swift; sourceTree = "<group>"; };
		043B5F48223AC3AA007C27A2 /* MovieViewController.swift */ = {isa = PBXFileReference; lastKnownFileType = sourcecode.swift; path = MovieViewController.swift; sourceTree = "<group>"; };
		043B5F4A223AC3BA007C27A2 /* TableViewController.swift */ = {isa = PBXFileReference; lastKnownFileType = sourcecode.swift; path = TableViewController.swift; sourceTree = "<group>"; };
/* End PBXFileReference section */

/* Begin PBXFrameworksBuildPhase section */
		043B5F2A223AC0F4007C27A2 /* Frameworks */ = {
			isa = PBXFrameworksBuildPhase;
			buildActionMask = 2147483647;
			files = (
			);
			runOnlyForDeploymentPostprocessing = 0;
		};
/* End PBXFrameworksBuildPhase section */

/* Begin PBXGroup section */
		043B5F24223AC0F4007C27A2 = {
			isa = PBXGroup;
			children = (
				043B5F2F223AC0F4007C27A2 /* Midterm */,
				043B5F2E223AC0F4007C27A2 /* Products */,
			);
			sourceTree = "<group>";
		};
		043B5F2E223AC0F4007C27A2 /* Products */ = {
			isa = PBXGroup;
			children = (
				043B5F2D223AC0F4007C27A2 /* Midterm.app */,
			);
			name = Products;
			sourceTree = "<group>";
		};
		043B5F2F223AC0F4007C27A2 /* Midterm */ = {
			isa = PBXGroup;
			children = (
				043B5F30223AC0F4007C27A2 /* AppDelegate.swift */,
				043B5F44223AC28D007C27A2 /* Movie.swift */,
				043B5F46223AC39A007C27A2 /* AddViewController.swift */,
				043B5F48223AC3AA007C27A2 /* MovieViewController.swift */,
				043B5F4A223AC3BA007C27A2 /* TableViewController.swift */,
				043B5F34223AC0F4007C27A2 /* Main.storyboard */,
				043B5F37223AC0F5007C27A2 /* Assets.xcassets */,
				043B5F39223AC0F5007C27A2 /* LaunchScreen.storyboard */,
				043B5F3C223AC0F5007C27A2 /* Info.plist */,
				043B5F42223AC274007C27A2 /* movies.plist */,
			);
			path = Midterm;
			sourceTree = "<group>";
		};
/* End PBXGroup section */

/* Begin PBXNativeTarget section */
		043B5F2C223AC0F4007C27A2 /* Midterm */ = {
			isa = PBXNativeTarget;
			buildConfigurationList = 043B5F3F223AC0F5007C27A2 /* Build configuration list for PBXNativeTarget "Midterm" */;
			buildPhases = (
				043B5F29223AC0F4007C27A2 /* Sources */,
				043B5F2A223AC0F4007C27A2 /* Frameworks */,
				043B5F2B223AC0F4007C27A2 /* Resources */,
			);
			buildRules = (
			);
			dependencies = (
			);
			name = Midterm;
			productName = Midterm;
			productReference = 043B5F2D223AC0F4007C27A2 /* Midterm.app */;
			productType = "com.apple.product-type.application";
		};
/* End PBXNativeTarget section */

/* Begin PBXProject section */
		043B5F25223AC0F4007C27A2 /* Project object */ = {
			isa = PBXProject;
			attributes = {
				LastSwiftUpdateCheck = 1010;
				LastUpgradeCheck = 1010;
				ORGANIZATIONNAME = "Serena Buxton";
				TargetAttributes = {
					043B5F2C223AC0F4007C27A2 = {
						CreatedOnToolsVersion = 10.1;
					};
				};
			};
			buildConfigurationList = 043B5F28223AC0F4007C27A2 /* Build configuration list for PBXProject "Midterm" */;
			compatibilityVersion = "Xcode 9.3";
			developmentRegion = en;
			hasScannedForEncodings = 0;
			knownRegions = (
				en,
				Base,
			);
			mainGroup = 043B5F24223AC0F4007C27A2;
			productRefGroup = 043B5F2E223AC0F4007C27A2 /* Products */;
			projectDirPath = "";
			projectRoot = "";
			targets = (
				043B5F2C223AC0F4007C27A2 /* Midterm */,
			);
		};
/* End PBXProject section */

/* Begin PBXResourcesBuildPhase section */
		043B5F2B223AC0F4007C27A2 /* Resources */ = {
			isa = PBXResourcesBuildPhase;
			buildActionMask = 2147483647;
			files = (
				043B5F3B223AC0F5007C27A2 /* LaunchScreen.storyboard in Resources */,
				043B5F43223AC274007C27A2 /* movies.plist in Resources */,
				043B5F38223AC0F5007C27A2 /* Assets.xcassets in Resources */,
				043B5F36223AC0F4007C27A2 /* Main.storyboard in Resources */,
			);
			runOnlyForDeploymentPostprocessing = 0;
		};
/* End PBXResourcesBuildPhase section */

/* Begin PBXSourcesBuildPhase section */
		043B5F29223AC0F4007C27A2 /* Sources */ = {
			isa = PBXSourcesBuildPhase;
			buildActionMask = 2147483647;
			files = (
				043B5F45223AC28D007C27A2 /* Movie.swift in Sources */,
				043B5F31223AC0F4007C27A2 /* AppDelegate.swift in Sources */,
				043B5F47223AC39A007C27A2 /* AddViewController.swift in Sources */,
				043B5F4B223AC3BA007C27A2 /* TableViewController.swift in Sources */,
				043B5F49223AC3AA007C27A2 /* MovieViewController.swift in Sources */,
			);
			runOnlyForDeploymentPostprocessing = 0;
		};
/* End PBXSourcesBuildPhase section */

/* Begin PBXVariantGroup section */
		043B5F34223AC0F4007C27A2 /* Main.storyboard */ = {
			isa = PBXVariantGroup;
			children = (
				043B5F35223AC0F4007C27A2 /* Base */,
			);
			name = Main.storyboard;
			sourceTree = "<group>";
		};
		043B5F39223AC0F5007C27A2 /* LaunchScreen.storyboard */ = {
			isa = PBXVariantGroup;
			children = (
				043B5F3A223AC0F5007C27A2 /* Base */,
			);
			name = LaunchScreen.storyboard;
			sourceTree = "<group>";
		};
/* End PBXVariantGroup section */

/* Begin XCBuildConfiguration section */
		043B5F3D223AC0F5007C27A2 /* Debug */ = {
			isa = XCBuildConfiguration;
			buildSettings = {
				ALWAYS_SEARCH_USER_PATHS = NO;
				CLANG_ANALYZER_NONNULL = YES;
				CLANG_ANALYZER_NUMBER_OBJECT_CONVERSION = YES_AGGRESSIVE;
				CLANG_CXX_LANGUAGE_STANDARD = "gnu++14";
				CLANG_CXX_LIBRARY = "libc++";
				CLANG_ENABLE_MODULES = YES;
				CLANG_ENABLE_OBJC_ARC = YES;
				CLANG_ENABLE_OBJC_WEAK = YES;
				CLANG_WARN_BLOCK_CAPTURE_AUTORELEASING = YES;
				CLANG_WARN_BOOL_CONVERSION = YES;
				CLANG_WARN_COMMA = YES;
				CLANG_WARN_CONSTANT_CONVERSION = YES;
				CLANG_WARN_DEPRECATED_OBJC_IMPLEMENTATIONS = YES;
				CLANG_WARN_DIRECT_OBJC_ISA_USAGE = YES_ERROR;
				CLANG_WARN_DOCUMENTATION_COMMENTS = YES;
				CLANG_WARN_EMPTY_BODY = YES;
				CLANG_WARN_ENUM_CONVERSION = YES;
				CLANG_WARN_INFINITE_RECURSION = YES;
				CLANG_WARN_INT_CONVERSION = YES;
				CLANG_WARN_NON_LITERAL_NULL_CONVERSION = YES;
				CLANG_WARN_OBJC_IMPLICIT_RETAIN_SELF = YES;
				CLANG_WARN_OBJC_LITERAL_CONVERSION = YES;
				CLANG_WARN_OBJC_ROOT_CLASS = YES_ERROR;
				CLANG_WARN_RANGE_LOOP_ANALYSIS = YES;
				CLANG_WARN_STRICT_PROTOTYPES = YES;
				CLANG_WARN_SUSPICIOUS_MOVE = YES;
				CLANG_WARN_UNGUARDED_AVAILABILITY = YES_AGGRESSIVE;
				CLANG_WARN_UNREACHABLE_CODE = YES;
				CLANG_WARN__DUPLICATE_METHOD_MATCH = YES;
				CODE_SIGN_IDENTITY = "iPhone Developer";
				COPY_PHASE_STRIP = NO;
				DEBUG_INFORMATION_FORMAT = dwarf;
				ENABLE_STRICT_OBJC_MSGSEND = YES;
				ENABLE_TESTABILITY = YES;
				GCC_C_LANGUAGE_STANDARD = gnu11;
				GCC_DYNAMIC_NO_PIC = NO;
				GCC_NO_COMMON_BLOCKS = YES;
				GCC_OPTIMIZATION_LEVEL = 0;
				GCC_PREPROCESSOR_DEFINITIONS = (
					"DEBUG=1",
					"$(inherited)",
				);
				GCC_WARN_64_TO_32_BIT_CONVERSION = YES;
				GCC_WARN_ABOUT_RETURN_TYPE = YES_ERROR;
				GCC_WARN_UNDECLARED_SELECTOR = YES;
				GCC_WARN_UNINITIALIZED_AUTOS = YES_AGGRESSIVE;
				GCC_WARN_UNUSED_FUNCTION = YES;
				GCC_WARN_UNUSED_VARIABLE = YES;
				IPHONEOS_DEPLOYMENT_TARGET = 12.1;
				MTL_ENABLE_DEBUG_INFO = INCLUDE_SOURCE;
				MTL_FAST_MATH = YES;
				ONLY_ACTIVE_ARCH = YES;
				SDKROOT = iphoneos;
				SWIFT_ACTIVE_COMPILATION_CONDITIONS = DEBUG;
				SWIFT_OPTIMIZATION_LEVEL = "-Onone";
			};
			name = Debug;
		};
		043B5F3E223AC0F5007C27A2 /* Release */ = {
			isa = XCBuildConfiguration;
			buildSettings = {
				ALWAYS_SEARCH_USER_PATHS = NO;
				CLANG_ANALYZER_NONNULL = YES;
				CLANG_ANALYZER_NUMBER_OBJECT_CONVERSION = YES_AGGRESSIVE;
				CLANG_CXX_LANGUAGE_STANDARD = "gnu++14";
				CLANG_CXX_LIBRARY = "libc++";
				CLANG_ENABLE_MODULES = YES;
				CLANG_ENABLE_OBJC_ARC = YES;
				CLANG_ENABLE_OBJC_WEAK = YES;
				CLANG_WARN_BLOCK_CAPTURE_AUTORELEASING = YES;
				CLANG_WARN_BOOL_CONVERSION = YES;
				CLANG_WARN_COMMA = YES;
				CLANG_WARN_CONSTANT_CONVERSION = YES;
				CLANG_WARN_DEPRECATED_OBJC_IMPLEMENTATIONS = YES;
				CLANG_WARN_DIRECT_OBJC_ISA_USAGE = YES_ERROR;
				CLANG_WARN_DOCUMENTATION_COMMENTS = YES;
				CLANG_WARN_EMPTY_BODY = YES;
				CLANG_WARN_ENUM_CONVERSION = YES;
				CLANG_WARN_INFINITE_RECURSION = YES;
				CLANG_WARN_INT_CONVERSION = YES;
				CLANG_WARN_NON_LITERAL_NULL_CONVERSION = YES;
				CLANG_WARN_OBJC_IMPLICIT_RETAIN_SELF = YES;
				CLANG_WARN_OBJC_LITERAL_CONVERSION = YES;
				CLANG_WARN_OBJC_ROOT_CLASS = YES_ERROR;
				CLANG_WARN_RANGE_LOOP_ANALYSIS = YES;
				CLANG_WARN_STRICT_PROTOTYPES = YES;
				CLANG_WARN_SUSPICIOUS_MOVE = YES;
				CLANG_WARN_UNGUARDED_AVAILABILITY = YES_AGGRESSIVE;
				CLANG_WARN_UNREACHABLE_CODE = YES;
				CLANG_WARN__DUPLICATE_METHOD_MATCH = YES;
				CODE_SIGN_IDENTITY = "iPhone Developer";
				COPY_PHASE_STRIP = NO;
				DEBUG_INFORMATION_FORMAT = "dwarf-with-dsym";
				ENABLE_NS_ASSERTIONS = NO;
				ENABLE_STRICT_OBJC_MSGSEND = YES;
				GCC_C_LANGUAGE_STANDARD = gnu11;
				GCC_NO_COMMON_BLOCKS = YES;
				GCC_WARN_64_TO_32_BIT_CONVERSION = YES;
				GCC_WARN_ABOUT_RETURN_TYPE = YES_ERROR;
				GCC_WARN_UNDECLARED_SELECTOR = YES;
				GCC_WARN_UNINITIALIZED_AUTOS = YES_AGGRESSIVE;
				GCC_WARN_UNUSED_FUNCTION = YES;
				GCC_WARN_UNUSED_VARIABLE = YES;
				IPHONEOS_DEPLOYMENT_TARGET = 12.1;
				MTL_ENABLE_DEBUG_INFO = NO;
				MTL_FAST_MATH = YES;
				SDKROOT = iphoneos;
				SWIFT_COMPILATION_MODE = wholemodule;
				SWIFT_OPTIMIZATION_LEVEL = "-O";
				VALIDATE_PRODUCT = YES;
			};
			name = Release;
		};
		043B5F40223AC0F5007C27A2 /* Debug */ = {
			isa = XCBuildConfiguration;
			buildSettings = {
				ASSETCATALOG_COMPILER_APPICON_NAME = AppIcon;
				CODE_SIGN_STYLE = Automatic;
				DEVELOPMENT_TEAM = X99KUNQY2K;
				INFOPLIST_FILE = Midterm/Info.plist;
				LD_RUNPATH_SEARCH_PATHS = (
					"$(inherited)",
					"@executable_path/Frameworks",
				);
				PRODUCT_BUNDLE_IDENTIFIER = ATLAS.Midterm;
				PRODUCT_NAME = "$(TARGET_NAME)";
				SWIFT_VERSION = 4.2;
				TARGETED_DEVICE_FAMILY = "1,2";
			};
			name = Debug;
		};
		043B5F41223AC0F5007C27A2 /* Release */ = {
			isa = XCBuildConfiguration;
			buildSettings = {
				ASSETCATALOG_COMPILER_APPICON_NAME = AppIcon;
				CODE_SIGN_STYLE = Automatic;
				DEVELOPMENT_TEAM = X99KUNQY2K;
				INFOPLIST_FILE = Midterm/Info.plist;
				LD_RUNPATH_SEARCH_PATHS = (
					"$(inherited)",
					"@executable_path/Frameworks",
				);
				PRODUCT_BUNDLE_IDENTIFIER = ATLAS.Midterm;
				PRODUCT_NAME = "$(TARGET_NAME)";
				SWIFT_VERSION = 4.2;
				TARGETED_DEVICE_FAMILY = "1,2";
			};
			name = Release;
		};
/* End XCBuildConfiguration section */

/* Begin XCConfigurationList section */
		043B5F28223AC0F4007C27A2 /* Build configuration list for PBXProject "Midterm" */ = {
			isa = XCConfigurationList;
			buildConfigurations = (
				043B5F3D223AC0F5007C27A2 /* Debug */,
				043B5F3E223AC0F5007C27A2 /* Release */,
			);
			defaultConfigurationIsVisible = 0;
			defaultConfigurationName = Release;
		};
		043B5F3F223AC0F5007C27A2 /* Build configuration list for PBXNativeTarget "Midterm" */ = {
			isa = XCConfigurationList;
			buildConfigurations = (
				043B5F40223AC0F5007C27A2 /* Debug */,
				043B5F41223AC0F5007C27A2 /* Release */,
			);
			defaultConfigurationIsVisible = 0;
			defaultConfigurationName = Release;
		};
/* End XCConfigurationList section */
	};
	rootObject = 043B5F25223AC0F4007C27A2 /* Project object */;
}
